
Microsoft Visual Studio Solution File, Format Version 12.00
# Visual Studio Version 17
VisualStudioVersion = 17.10.34928.147
MinimumVisualStudioVersion = 10.0.40219.1
Project("{FAE04EC0-301F-11D3-BF4B-00C04F79EFBC}") = "PlanXBackend", "PlanXBackend.csproj", "{1F1600F2-53BE-4170-8585-0EC90B8E7A65}"
EndProject
Project("{FAE04EC0-301F-11D3-BF4B-00C04F79EFBC}") = "PlanXAPI", "..\PlanXAPI\PlanXAPI.csproj", "{47F407BD-5E32-4DE9-8D3E-82CCB8F25B52}"
EndProject
Global
	GlobalSection(SolutionConfigurationPlatforms) = preSolution
		Debug|Any CPU = Debug|Any CPU
		Release|Any CPU = Release|Any CPU
	EndGlobalSection
	GlobalSection(ProjectConfigurationPlatforms) = postSolution
		{1F1600F2-53BE-4170-8585-0EC90B8E7A65}.Debug|Any CPU.ActiveCfg = Debug|Any CPU
		{1F1600F2-53BE-4170-8585-0EC90B8E7A65}.Debug|Any CPU.Build.0 = Debug|Any CPU
		{1F1600F2-53BE-4170-8585-0EC90B8E7A65}.Release|Any CPU.ActiveCfg = Release|Any CPU
		{1F1600F2-53BE-4170-8585-0EC90B8E7A65}.Release|Any CPU.Build.0 = Release|Any CPU
		{47F407BD-5E32-4DE9-8D3E-82CCB8F25B52}.Debug|Any CPU.ActiveCfg = Debug|Any CPU
		{47F407BD-5E32-4DE9-8D3E-82CCB8F25B52}.Debug|Any CPU.Build.0 = Debug|Any CPU
		{47F407BD-5E32-4DE9-8D3E-82CCB8F25B52}.Release|Any CPU.ActiveCfg = Release|Any CPU
		{47F407BD-5E32-4DE9-8D3E-82CCB8F25B52}.Release|Any CPU.Build.0 = Release|Any CPU
	EndGlobalSection
	GlobalSection(SolutionProperties) = preSolution
		HideSolutionNode = FALSE
	EndGlobalSection
	GlobalSection(ExtensibilityGlobals) = postSolution
		SolutionGuid = {3B77523B-8079-484B-8CD3-D07478589994}
	EndGlobalSection
EndGlobal
